
Microsoft Visual Studio Solution File, Format Version 12.00
# Visual Studio Version 16
VisualStudioVersion = 16.0.28803.156
MinimumVisualStudioVersion = 10.0.40219.1
Project("{FAE04EC0-301F-11D3-BF4B-00C04F79EFBC}") = "Form", "Form\Form.csproj", "{453DDCC1-0F88-4E60-8704-C3E11D4253BC}"
EndProject
Project("{FAE04EC0-301F-11D3-BF4B-00C04F79EFBC}") = "Core", "Core\Core.csproj", "{22AA6C91-A1D0-4F6E-9E9E-03ABDFD1DF2F}"
EndProject
Project("{FAE04EC0-301F-11D3-BF4B-00C04F79EFBC}") = "Common", "Common\Common.csproj", "{99AF4A32-210A-4DB7-8957-320059BA4F3A}"
EndProject
Global
	GlobalSection(SolutionConfigurationPlatforms) = preSolution
		Debug|Any CPU = Debug|Any CPU
		Release|Any CPU = Release|Any CPU
	EndGlobalSection
	GlobalSection(ProjectConfigurationPlatforms) = postSolution
		{453DDCC1-0F88-4E60-8704-C3E11D4253BC}.Debug|Any CPU.ActiveCfg = Debug|Any CPU
		{453DDCC1-0F88-4E60-8704-C3E11D4253BC}.Debug|Any CPU.Build.0 = Debug|Any CPU
		{453DDCC1-0F88-4E60-8704-C3E11D4253BC}.Release|Any CPU.ActiveCfg = Release|Any CPU
		{453DDCC1-0F88-4E60-8704-C3E11D4253BC}.Release|Any CPU.Build.0 = Release|Any CPU
		{22AA6C91-A1D0-4F6E-9E9E-03ABDFD1DF2F}.Debug|Any CPU.ActiveCfg = Debug|Any CPU
		{22AA6C91-A1D0-4F6E-9E9E-03ABDFD1DF2F}.Debug|Any CPU.Build.0 = Debug|Any CPU
		{22AA6C91-A1D0-4F6E-9E9E-03ABDFD1DF2F}.Release|Any CPU.ActiveCfg = Release|Any CPU
		{22AA6C91-A1D0-4F6E-9E9E-03ABDFD1DF2F}.Release|Any CPU.Build.0 = Release|Any CPU
		{99AF4A32-210A-4DB7-8957-320059BA4F3A}.Debug|Any CPU.ActiveCfg = Debug|Any CPU
		{99AF4A32-210A-4DB7-8957-320059BA4F3A}.Debug|Any CPU.Build.0 = Debug|Any CPU
		{99AF4A32-210A-4DB7-8957-320059BA4F3A}.Release|Any CPU.ActiveCfg = Release|Any CPU
		{99AF4A32-210A-4DB7-8957-320059BA4F3A}.Release|Any CPU.Build.0 = Release|Any CPU
	EndGlobalSection
	GlobalSection(SolutionProperties) = preSolution
		HideSolutionNode = FALSE
	EndGlobalSection
	GlobalSection(ExtensibilityGlobals) = postSolution
		SolutionGuid = {8CAC5FC4-258D-410B-B210-EA519ADFC77A}
	EndGlobalSection
EndGlobal
